// !$*UTF8*$!
{
	archiveVersion = 1;
	classes = {
	};
	objectVersion = 46;
	objects = {

/* Begin PBXBuildFile section */
		792F88521ED0112B006685CC /* EnumLevelOfDifficulty.swift in Sources */ = {isa = PBXBuildFile; fileRef = 792F88511ED0112B006685CC /* EnumLevelOfDifficulty.swift */; };
		792F88541ED0FC45006685CC /* EnumPlayMode.swift in Sources */ = {isa = PBXBuildFile; fileRef = 792F88531ED0FC45006685CC /* EnumPlayMode.swift */; };
		79312C0F1ED675EC0054490C /* cat.png in Resources */ = {isa = PBXBuildFile; fileRef = 79312C0C1ED675EC0054490C /* cat.png */; };
		79312C101ED675EC0054490C /* cat@2x.png in Resources */ = {isa = PBXBuildFile; fileRef = 79312C0D1ED675EC0054490C /* cat@2x.png */; };
		79312C111ED675EC0054490C /* cat@3x.png in Resources */ = {isa = PBXBuildFile; fileRef = 79312C0E1ED675EC0054490C /* cat@3x.png */; };
		7948C5911ED673510028C062 /* wrench.png in Resources */ = {isa = PBXBuildFile; fileRef = 7948C5901ED673510028C062 /* wrench.png */; };
		7948C5941ED673690028C062 /* wrench@2x.png in Resources */ = {isa = PBXBuildFile; fileRef = 7948C5921ED673690028C062 /* wrench@2x.png */; };
		7948C5951ED673690028C062 /* wrench@3x.png in Resources */ = {isa = PBXBuildFile; fileRef = 7948C5931ED673690028C062 /* wrench@3x.png */; };
		7964CA071ED7ADD300C8A92D /* GameTabBarController.swift in Sources */ = {isa = PBXBuildFile; fileRef = 7964CA061ED7ADD300C8A92D /* GameTabBarController.swift */; };
		7964CA081ED7ADD300C8A92D /* GameTabBarController.swift in Sources */ = {isa = PBXBuildFile; fileRef = 7964CA061ED7ADD300C8A92D /* GameTabBarController.swift */; };
		7964CA0A1ED7AE1600C8A92D /* SettingsModel.swift in Sources */ = {isa = PBXBuildFile; fileRef = 7964CA091ED7AE1600C8A92D /* SettingsModel.swift */; };
		7964CA0B1ED7AE1600C8A92D /* SettingsModel.swift in Sources */ = {isa = PBXBuildFile; fileRef = 7964CA091ED7AE1600C8A92D /* SettingsModel.swift */; };
		7964CA0D1ED7E0D900C8A92D /* GameModel.swift in Sources */ = {isa = PBXBuildFile; fileRef = 7964CA0C1ED7E0D900C8A92D /* GameModel.swift */; };
		7964CA0E1ED7E0D900C8A92D /* GameModel.swift in Sources */ = {isa = PBXBuildFile; fileRef = 7964CA0C1ED7E0D900C8A92D /* GameModel.swift */; };
		7964CA101ED7E0FA00C8A92D /* StatisticsModel.swift in Sources */ = {isa = PBXBuildFile; fileRef = 7964CA0F1ED7E0FA00C8A92D /* StatisticsModel.swift */; };
		7964CA111ED7E0FA00C8A92D /* StatisticsModel.swift in Sources */ = {isa = PBXBuildFile; fileRef = 7964CA0F1ED7E0FA00C8A92D /* StatisticsModel.swift */; };
		7964CA131ED887CD00C8A92D /* BoardUIView.swift in Sources */ = {isa = PBXBuildFile; fileRef = 7964CA121ED887CD00C8A92D /* BoardUIView.swift */; };
		7964CA141ED887CD00C8A92D /* BoardUIView.swift in Sources */ = {isa = PBXBuildFile; fileRef = 7964CA121ED887CD00C8A92D /* BoardUIView.swift */; };
		796C58BD1EC524A20034CF94 /* EnumPet.swift in Sources */ = {isa = PBXBuildFile; fileRef = 796C58BC1EC524A20034CF94 /* EnumPet.swift */; };
		796C58C71EC6B2770034CF94 /* faq.png in Resources */ = {isa = PBXBuildFile; fileRef = 796C58BE1EC6B2770034CF94 /* faq.png */; };
		796C58C81EC6B2770034CF94 /* faq@2x.png in Resources */ = {isa = PBXBuildFile; fileRef = 796C58BF1EC6B2770034CF94 /* faq@2x.png */; };
		796C58C91EC6B2770034CF94 /* faq@3x.png in Resources */ = {isa = PBXBuildFile; fileRef = 796C58C01EC6B2770034CF94 /* faq@3x.png */; };
		796C58CA1EC6B2770034CF94 /* settings.png in Resources */ = {isa = PBXBuildFile; fileRef = 796C58C11EC6B2770034CF94 /* settings.png */; };
		796C58CC1EC6B2770034CF94 /* settings@3x.png in Resources */ = {isa = PBXBuildFile; fileRef = 796C58C31EC6B2770034CF94 /* settings@3x.png */; };
		796C58CD1EC6B2770034CF94 /* stats.png in Resources */ = {isa = PBXBuildFile; fileRef = 796C58C41EC6B2770034CF94 /* stats.png */; };
		796C58CE1EC6B2770034CF94 /* stats@2x.png in Resources */ = {isa = PBXBuildFile; fileRef = 796C58C51EC6B2770034CF94 /* stats@2x.png */; };
		796C58CF1EC6B2770034CF94 /* stats@3x.png in Resources */ = {isa = PBXBuildFile; fileRef = 796C58C61EC6B2770034CF94 /* stats@3x.png */; };
		79B8A0F01EC7B84C0005F98A /* settings@2x.png in Resources */ = {isa = PBXBuildFile; fileRef = 79B8A0EF1EC7B84C0005F98A /* settings@2x.png */; };
		79B8A0F21EC7BA950005F98A /* GameBoard.swift in Sources */ = {isa = PBXBuildFile; fileRef = 79B8A0F11EC7BA950005F98A /* GameBoard.swift */; };
		79B8A0F31EC7BA950005F98A /* GameBoard.swift in Sources */ = {isa = PBXBuildFile; fileRef = 79B8A0F11EC7BA950005F98A /* GameBoard.swift */; };
		79B8A0F51EC7BAE00005F98A /* TTGameBoard.swift in Sources */ = {isa = PBXBuildFile; fileRef = 79B8A0F41EC7BAE00005F98A /* TTGameBoard.swift */; };
		79B8A0F61EC7BAE00005F98A /* TTGameBoard.swift in Sources */ = {isa = PBXBuildFile; fileRef = 79B8A0F41EC7BAE00005F98A /* TTGameBoard.swift */; };
		79B8A0F81EC7BC640005F98A /* Square.swift in Sources */ = {isa = PBXBuildFile; fileRef = 79B8A0F71EC7BC640005F98A /* Square.swift */; };
		79B8A0F91EC7BC640005F98A /* Square.swift in Sources */ = {isa = PBXBuildFile; fileRef = 79B8A0F71EC7BC640005F98A /* Square.swift */; };
		79F71A6F1EBD3BB60067D98C /* AppDelegate.swift in Sources */ = {isa = PBXBuildFile; fileRef = 79F71A6E1EBD3BB60067D98C /* AppDelegate.swift */; };
		79F71A711EBD3BB60067D98C /* SettingsViewController.swift in Sources */ = {isa = PBXBuildFile; fileRef = 79F71A701EBD3BB60067D98C /* SettingsViewController.swift */; };
		79F71A731EBD3BB60067D98C /* StatisticsViewController.swift in Sources */ = {isa = PBXBuildFile; fileRef = 79F71A721EBD3BB60067D98C /* StatisticsViewController.swift */; };
		79F71A761EBD3BB60067D98C /* Main.storyboard in Resources */ = {isa = PBXBuildFile; fileRef = 79F71A741EBD3BB60067D98C /* Main.storyboard */; };
		79F71A781EBD3BB60067D98C /* Assets.xcassets in Resources */ = {isa = PBXBuildFile; fileRef = 79F71A771EBD3BB60067D98C /* Assets.xcassets */; };
		79F71A7B1EBD3BB60067D98C /* LaunchScreen.storyboard in Resources */ = {isa = PBXBuildFile; fileRef = 79F71A791EBD3BB60067D98C /* LaunchScreen.storyboard */; };
		79F71A861EBD3BB70067D98C /* PetsInARowTests.swift in Sources */ = {isa = PBXBuildFile; fileRef = 79F71A851EBD3BB70067D98C /* PetsInARowTests.swift */; };
		79F71A911EBD3BB70067D98C /* PetsInARowUITests.swift in Sources */ = {isa = PBXBuildFile; fileRef = 79F71A901EBD3BB70067D98C /* PetsInARowUITests.swift */; };
		79F71A9F1EBE7FEE0067D98C /* SupportViewController.swift in Sources */ = {isa = PBXBuildFile; fileRef = 79F71A9E1EBE7FEE0067D98C /* SupportViewController.swift */; };
		79F71AA11EBE81030067D98C /* GameViewController.swift in Sources */ = {isa = PBXBuildFile; fileRef = 79F71AA01EBE81030067D98C /* GameViewController.swift */; };
		79FD34901ECC07C4005DC940 /* EnumGameBoard.swift in Sources */ = {isa = PBXBuildFile; fileRef = 79FD348F1ECC07C4005DC940 /* EnumGameBoard.swift */; };
		79FD34911ECC07C4005DC940 /* EnumGameBoard.swift in Sources */ = {isa = PBXBuildFile; fileRef = 79FD348F1ECC07C4005DC940 /* EnumGameBoard.swift */; };
		79FD34931ECC0A65005DC940 /* EnumOpponent.swift in Sources */ = {isa = PBXBuildFile; fileRef = 79FD34921ECC0A65005DC940 /* EnumOpponent.swift */; };
		79FD34941ECC0A65005DC940 /* EnumOpponent.swift in Sources */ = {isa = PBXBuildFile; fileRef = 79FD34921ECC0A65005DC940 /* EnumOpponent.swift */; };
		79FD34961ECC0A6F005DC940 /* EnumFirstMove.swift in Sources */ = {isa = PBXBuildFile; fileRef = 79FD34951ECC0A6F005DC940 /* EnumFirstMove.swift */; };
		79FD34971ECC0A6F005DC940 /* EnumFirstMove.swift in Sources */ = {isa = PBXBuildFile; fileRef = 79FD34951ECC0A6F005DC940 /* EnumFirstMove.swift */; };
/* End PBXBuildFile section */

/* Begin PBXContainerItemProxy section */
		79F71A821EBD3BB70067D98C /* PBXContainerItemProxy */ = {
			isa = PBXContainerItemProxy;
			containerPortal = 79F71A631EBD3BB60067D98C /* Project object */;
			proxyType = 1;
			remoteGlobalIDString = 79F71A6A1EBD3BB60067D98C;
			remoteInfo = PetsInARow;
		};
		79F71A8D1EBD3BB70067D98C /* PBXContainerItemProxy */ = {
			isa = PBXContainerItemProxy;
			containerPortal = 79F71A631EBD3BB60067D98C /* Project object */;
			proxyType = 1;
			remoteGlobalIDString = 79F71A6A1EBD3BB60067D98C;
			remoteInfo = PetsInARow;
		};
/* End PBXContainerItemProxy section */

/* Begin PBXFileReference section */
		792F88511ED0112B006685CC /* EnumLevelOfDifficulty.swift */ = {isa = PBXFileReference; fileEncoding = 4; lastKnownFileType = sourcecode.swift; path = EnumLevelOfDifficulty.swift; sourceTree = "<group>"; };
		792F88531ED0FC45006685CC /* EnumPlayMode.swift */ = {isa = PBXFileReference; fileEncoding = 4; lastKnownFileType = sourcecode.swift; path = EnumPlayMode.swift; sourceTree = "<group>"; };
		79312C0C1ED675EC0054490C /* cat.png */ = {isa = PBXFileReference; lastKnownFileType = image.png; path = cat.png; sourceTree = "<group>"; };
		79312C0D1ED675EC0054490C /* cat@2x.png */ = {isa = PBXFileReference; lastKnownFileType = image.png; path = "cat@2x.png"; sourceTree = "<group>"; };
		79312C0E1ED675EC0054490C /* cat@3x.png */ = {isa = PBXFileReference; lastKnownFileType = image.png; path = "cat@3x.png"; sourceTree = "<group>"; };
		7948C5901ED673510028C062 /* wrench.png */ = {isa = PBXFileReference; lastKnownFileType = image.png; path = wrench.png; sourceTree = "<group>"; };
		7948C5921ED673690028C062 /* wrench@2x.png */ = {isa = PBXFileReference; lastKnownFileType = image.png; path = "wrench@2x.png"; sourceTree = "<group>"; };
		7948C5931ED673690028C062 /* wrench@3x.png */ = {isa = PBXFileReference; lastKnownFileType = image.png; path = "wrench@3x.png"; sourceTree = "<group>"; };
		7964CA061ED7ADD300C8A92D /* GameTabBarController.swift */ = {isa = PBXFileReference; fileEncoding = 4; lastKnownFileType = sourcecode.swift; path = GameTabBarController.swift; sourceTree = "<group>"; };
		7964CA091ED7AE1600C8A92D /* SettingsModel.swift */ = {isa = PBXFileReference; fileEncoding = 4; lastKnownFileType = sourcecode.swift; path = SettingsModel.swift; sourceTree = "<group>"; };
		7964CA0C1ED7E0D900C8A92D /* GameModel.swift */ = {isa = PBXFileReference; fileEncoding = 4; lastKnownFileType = sourcecode.swift; path = GameModel.swift; sourceTree = "<group>"; };
		7964CA0F1ED7E0FA00C8A92D /* StatisticsModel.swift */ = {isa = PBXFileReference; fileEncoding = 4; lastKnownFileType = sourcecode.swift; path = StatisticsModel.swift; sourceTree = "<group>"; };
		7964CA121ED887CD00C8A92D /* BoardUIView.swift */ = {isa = PBXFileReference; fileEncoding = 4; lastKnownFileType = sourcecode.swift; path = BoardUIView.swift; sourceTree = "<group>"; };
		796C58BC1EC524A20034CF94 /* EnumPet.swift */ = {isa = PBXFileReference; fileEncoding = 4; lastKnownFileType = sourcecode.swift; path = EnumPet.swift; sourceTree = "<group>"; };
		796C58BE1EC6B2770034CF94 /* faq.png */ = {isa = PBXFileReference; lastKnownFileType = image.png; path = faq.png; sourceTree = "<group>"; };
		796C58BF1EC6B2770034CF94 /* faq@2x.png */ = {isa = PBXFileReference; lastKnownFileType = image.png; path = "faq@2x.png"; sourceTree = "<group>"; };
		796C58C01EC6B2770034CF94 /* faq@3x.png */ = {isa = PBXFileReference; lastKnownFileType = image.png; path = "faq@3x.png"; sourceTree = "<group>"; };
		796C58C11EC6B2770034CF94 /* settings.png */ = {isa = PBXFileReference; lastKnownFileType = image.png; path = settings.png; sourceTree = "<group>"; };
		796C58C31EC6B2770034CF94 /* settings@3x.png */ = {isa = PBXFileReference; lastKnownFileType = image.png; path = "settings@3x.png"; sourceTree = "<group>"; };
		796C58C41EC6B2770034CF94 /* stats.png */ = {isa = PBXFileReference; lastKnownFileType = image.png; path = stats.png; sourceTree = "<group>"; };
		796C58C51EC6B2770034CF94 /* stats@2x.png */ = {isa = PBXFileReference; lastKnownFileType = image.png; path = "stats@2x.png"; sourceTree = "<group>"; };
		796C58C61EC6B2770034CF94 /* stats@3x.png */ = {isa = PBXFileReference; lastKnownFileType = image.png; path = "stats@3x.png"; sourceTree = "<group>"; };
		79B8A0EF1EC7B84C0005F98A /* settings@2x.png */ = {isa = PBXFileReference; lastKnownFileType = image.png; path = "settings@2x.png"; sourceTree = "<group>"; };
		79B8A0F11EC7BA950005F98A /* GameBoard.swift */ = {isa = PBXFileReference; fileEncoding = 4; lastKnownFileType = sourcecode.swift; path = GameBoard.swift; sourceTree = "<group>"; };
		79B8A0F41EC7BAE00005F98A /* TTGameBoard.swift */ = {isa = PBXFileReference; fileEncoding = 4; lastKnownFileType = sourcecode.swift; path = TTGameBoard.swift; sourceTree = "<group>"; };
		79B8A0F71EC7BC640005F98A /* Square.swift */ = {isa = PBXFileReference; fileEncoding = 4; lastKnownFileType = sourcecode.swift; path = Square.swift; sourceTree = "<group>"; };
		79F71A6B1EBD3BB60067D98C /* PetsInARow.app */ = {isa = PBXFileReference; explicitFileType = wrapper.application; includeInIndex = 0; path = PetsInARow.app; sourceTree = BUILT_PRODUCTS_DIR; };
		79F71A6E1EBD3BB60067D98C /* AppDelegate.swift */ = {isa = PBXFileReference; lastKnownFileType = sourcecode.swift; path = AppDelegate.swift; sourceTree = "<group>"; };
		79F71A701EBD3BB60067D98C /* SettingsViewController.swift */ = {isa = PBXFileReference; lastKnownFileType = sourcecode.swift; path = SettingsViewController.swift; sourceTree = "<group>"; };
		79F71A721EBD3BB60067D98C /* StatisticsViewController.swift */ = {isa = PBXFileReference; lastKnownFileType = sourcecode.swift; path = StatisticsViewController.swift; sourceTree = "<group>"; };
		79F71A751EBD3BB60067D98C /* Base */ = {isa = PBXFileReference; lastKnownFileType = file.storyboard; name = Base; path = Base.lproj/Main.storyboard; sourceTree = "<group>"; };
		79F71A771EBD3BB60067D98C /* Assets.xcassets */ = {isa = PBXFileReference; lastKnownFileType = folder.assetcatalog; path = Assets.xcassets; sourceTree = "<group>"; };
		79F71A7A1EBD3BB60067D98C /* Base */ = {isa = PBXFileReference; lastKnownFileType = file.storyboard; name = Base; path = Base.lproj/LaunchScreen.storyboard; sourceTree = "<group>"; };
		79F71A7C1EBD3BB60067D98C /* Info.plist */ = {isa = PBXFileReference; lastKnownFileType = text.plist.xml; path = Info.plist; sourceTree = "<group>"; };
		79F71A811EBD3BB70067D98C /* PetsInARowTests.xctest */ = {isa = PBXFileReference; explicitFileType = wrapper.cfbundle; includeInIndex = 0; path = PetsInARowTests.xctest; sourceTree = BUILT_PRODUCTS_DIR; };
		79F71A851EBD3BB70067D98C /* PetsInARowTests.swift */ = {isa = PBXFileReference; lastKnownFileType = sourcecode.swift; path = PetsInARowTests.swift; sourceTree = "<group>"; };
		79F71A871EBD3BB70067D98C /* Info.plist */ = {isa = PBXFileReference; lastKnownFileType = text.plist.xml; path = Info.plist; sourceTree = "<group>"; };
		79F71A8C1EBD3BB70067D98C /* PetsInARowUITests.xctest */ = {isa = PBXFileReference; explicitFileType = wrapper.cfbundle; includeInIndex = 0; path = PetsInARowUITests.xctest; sourceTree = BUILT_PRODUCTS_DIR; };
		79F71A901EBD3BB70067D98C /* PetsInARowUITests.swift */ = {isa = PBXFileReference; lastKnownFileType = sourcecode.swift; path = PetsInARowUITests.swift; sourceTree = "<group>"; };
		79F71A921EBD3BB70067D98C /* Info.plist */ = {isa = PBXFileReference; lastKnownFileType = text.plist.xml; path = Info.plist; sourceTree = "<group>"; };
		79F71A9E1EBE7FEE0067D98C /* SupportViewController.swift */ = {isa = PBXFileReference; fileEncoding = 4; lastKnownFileType = sourcecode.swift; path = SupportViewController.swift; sourceTree = "<group>"; };
		79F71AA01EBE81030067D98C /* GameViewController.swift */ = {isa = PBXFileReference; fileEncoding = 4; lastKnownFileType = sourcecode.swift; path = GameViewController.swift; sourceTree = "<group>"; };
		79FD348F1ECC07C4005DC940 /* EnumGameBoard.swift */ = {isa = PBXFileReference; fileEncoding = 4; lastKnownFileType = sourcecode.swift; path = EnumGameBoard.swift; sourceTree = "<group>"; };
		79FD34921ECC0A65005DC940 /* EnumOpponent.swift */ = {isa = PBXFileReference; fileEncoding = 4; lastKnownFileType = sourcecode.swift; path = EnumOpponent.swift; sourceTree = "<group>"; };
		79FD34951ECC0A6F005DC940 /* EnumFirstMove.swift */ = {isa = PBXFileReference; fileEncoding = 4; lastKnownFileType = sourcecode.swift; path = EnumFirstMove.swift; sourceTree = "<group>"; };
/* End PBXFileReference section */

/* Begin PBXFrameworksBuildPhase section */
		79F71A681EBD3BB60067D98C /* Frameworks */ = {
			isa = PBXFrameworksBuildPhase;
			buildActionMask = 2147483647;
			files = (
			);
			runOnlyForDeploymentPostprocessing = 0;
		};
		79F71A7E1EBD3BB70067D98C /* Frameworks */ = {
			isa = PBXFrameworksBuildPhase;
			buildActionMask = 2147483647;
			files = (
			);
			runOnlyForDeploymentPostprocessing = 0;
		};
		79F71A891EBD3BB70067D98C /* Frameworks */ = {
			isa = PBXFrameworksBuildPhase;
			buildActionMask = 2147483647;
			files = (
			);
			runOnlyForDeploymentPostprocessing = 0;
		};
/* End PBXFrameworksBuildPhase section */

/* Begin PBXGroup section */
		796C58D01EC6B5AA0034CF94 /* art */ = {
			isa = PBXGroup;
			children = (
				79312C0C1ED675EC0054490C /* cat.png */,
				79312C0D1ED675EC0054490C /* cat@2x.png */,
				79312C0E1ED675EC0054490C /* cat@3x.png */,
				7948C5921ED673690028C062 /* wrench@2x.png */,
				7948C5931ED673690028C062 /* wrench@3x.png */,
				7948C5901ED673510028C062 /* wrench.png */,
				796C58BE1EC6B2770034CF94 /* faq.png */,
				796C58BF1EC6B2770034CF94 /* faq@2x.png */,
				796C58C01EC6B2770034CF94 /* faq@3x.png */,
				796C58C11EC6B2770034CF94 /* settings.png */,
				796C58C31EC6B2770034CF94 /* settings@3x.png */,
				79B8A0EF1EC7B84C0005F98A /* settings@2x.png */,
				796C58C41EC6B2770034CF94 /* stats.png */,
				796C58C51EC6B2770034CF94 /* stats@2x.png */,
				796C58C61EC6B2770034CF94 /* stats@3x.png */,
			);
			name = art;
			sourceTree = "<group>";
		};
		79F71A621EBD3BB60067D98C = {
			isa = PBXGroup;
			children = (
				79F71A6D1EBD3BB60067D98C /* PetsInARow */,
				79F71A841EBD3BB70067D98C /* PetsInARowTests */,
				79F71A8F1EBD3BB70067D98C /* PetsInARowUITests */,
				79F71A6C1EBD3BB60067D98C /* Products */,
			);
			sourceTree = "<group>";
		};
		79F71A6C1EBD3BB60067D98C /* Products */ = {
			isa = PBXGroup;
			children = (
				79F71A6B1EBD3BB60067D98C /* PetsInARow.app */,
				79F71A811EBD3BB70067D98C /* PetsInARowTests.xctest */,
				79F71A8C1EBD3BB70067D98C /* PetsInARowUITests.xctest */,
			);
			name = Products;
			sourceTree = "<group>";
		};
		79F71A6D1EBD3BB60067D98C /* PetsInARow */ = {
			isa = PBXGroup;
			children = (
				79F71A6E1EBD3BB60067D98C /* AppDelegate.swift */,
				79F71A701EBD3BB60067D98C /* SettingsViewController.swift */,
				796C58BC1EC524A20034CF94 /* EnumPet.swift */,
				79FD348F1ECC07C4005DC940 /* EnumGameBoard.swift */,
				792F88511ED0112B006685CC /* EnumLevelOfDifficulty.swift */,
				79F71A721EBD3BB60067D98C /* StatisticsViewController.swift */,
				79F71A741EBD3BB60067D98C /* Main.storyboard */,
				7964CA121ED887CD00C8A92D /* BoardUIView.swift */,
				7964CA061ED7ADD300C8A92D /* GameTabBarController.swift */,
				7964CA091ED7AE1600C8A92D /* SettingsModel.swift */,
				7964CA0C1ED7E0D900C8A92D /* GameModel.swift */,
				7964CA0F1ED7E0FA00C8A92D /* StatisticsModel.swift */,
				792F88531ED0FC45006685CC /* EnumPlayMode.swift */,
				79FD34921ECC0A65005DC940 /* EnumOpponent.swift */,
				79FD34951ECC0A6F005DC940 /* EnumFirstMove.swift */,
				79B8A0F11EC7BA950005F98A /* GameBoard.swift */,
				79B8A0F41EC7BAE00005F98A /* TTGameBoard.swift */,
				79B8A0F71EC7BC640005F98A /* Square.swift */,
				79F71AA01EBE81030067D98C /* GameViewController.swift */,
				79F71A9E1EBE7FEE0067D98C /* SupportViewController.swift */,
				79F71A771EBD3BB60067D98C /* Assets.xcassets */,
				796C58D01EC6B5AA0034CF94 /* art */,
				79F71A791EBD3BB60067D98C /* LaunchScreen.storyboard */,
				79F71A7C1EBD3BB60067D98C /* Info.plist */,
			);
			path = PetsInARow;
			sourceTree = "<group>";
		};
		79F71A841EBD3BB70067D98C /* PetsInARowTests */ = {
			isa = PBXGroup;
			children = (
				79F71A851EBD3BB70067D98C /* PetsInARowTests.swift */,
				79F71A871EBD3BB70067D98C /* Info.plist */,
			);
			path = PetsInARowTests;
			sourceTree = "<group>";
		};
		79F71A8F1EBD3BB70067D98C /* PetsInARowUITests */ = {
			isa = PBXGroup;
			children = (
				79F71A901EBD3BB70067D98C /* PetsInARowUITests.swift */,
				79F71A921EBD3BB70067D98C /* Info.plist */,
			);
			path = PetsInARowUITests;
			sourceTree = "<group>";
		};
/* End PBXGroup section */

/* Begin PBXNativeTarget section */
		79F71A6A1EBD3BB60067D98C /* PetsInARow */ = {
			isa = PBXNativeTarget;
			buildConfigurationList = 79F71A951EBD3BB70067D98C /* Build configuration list for PBXNativeTarget "PetsInARow" */;
			buildPhases = (
				79F71A671EBD3BB60067D98C /* Sources */,
				79F71A681EBD3BB60067D98C /* Frameworks */,
				79F71A691EBD3BB60067D98C /* Resources */,
			);
			buildRules = (
			);
			dependencies = (
			);
			name = PetsInARow;
			productName = PetsInARow;
			productReference = 79F71A6B1EBD3BB60067D98C /* PetsInARow.app */;
			productType = "com.apple.product-type.application";
		};
		79F71A801EBD3BB70067D98C /* PetsInARowTests */ = {
			isa = PBXNativeTarget;
			buildConfigurationList = 79F71A981EBD3BB70067D98C /* Build configuration list for PBXNativeTarget "PetsInARowTests" */;
			buildPhases = (
				79F71A7D1EBD3BB70067D98C /* Sources */,
				79F71A7E1EBD3BB70067D98C /* Frameworks */,
				79F71A7F1EBD3BB70067D98C /* Resources */,
			);
			buildRules = (
			);
			dependencies = (
				79F71A831EBD3BB70067D98C /* PBXTargetDependency */,
			);
			name = PetsInARowTests;
			productName = PetsInARowTests;
			productReference = 79F71A811EBD3BB70067D98C /* PetsInARowTests.xctest */;
			productType = "com.apple.product-type.bundle.unit-test";
		};
		79F71A8B1EBD3BB70067D98C /* PetsInARowUITests */ = {
			isa = PBXNativeTarget;
			buildConfigurationList = 79F71A9B1EBD3BB70067D98C /* Build configuration list for PBXNativeTarget "PetsInARowUITests" */;
			buildPhases = (
				79F71A881EBD3BB70067D98C /* Sources */,
				79F71A891EBD3BB70067D98C /* Frameworks */,
				79F71A8A1EBD3BB70067D98C /* Resources */,
			);
			buildRules = (
			);
			dependencies = (
				79F71A8E1EBD3BB70067D98C /* PBXTargetDependency */,
			);
			name = PetsInARowUITests;
			productName = PetsInARowUITests;
			productReference = 79F71A8C1EBD3BB70067D98C /* PetsInARowUITests.xctest */;
			productType = "com.apple.product-type.bundle.ui-testing";
		};
/* End PBXNativeTarget section */

/* Begin PBXProject section */
		79F71A631EBD3BB60067D98C /* Project object */ = {
			isa = PBXProject;
			attributes = {
				LastSwiftUpdateCheck = 0830;
				LastUpgradeCheck = 0830;
				ORGANIZATIONNAME = "Keith Lee";
				TargetAttributes = {
					79F71A6A1EBD3BB60067D98C = {
						CreatedOnToolsVersion = 8.3.2;
						ProvisioningStyle = Automatic;
					};
					79F71A801EBD3BB70067D98C = {
						CreatedOnToolsVersion = 8.3.2;
						ProvisioningStyle = Automatic;
						TestTargetID = 79F71A6A1EBD3BB60067D98C;
					};
					79F71A8B1EBD3BB70067D98C = {
						CreatedOnToolsVersion = 8.3.2;
						ProvisioningStyle = Automatic;
						TestTargetID = 79F71A6A1EBD3BB60067D98C;
					};
				};
			};
			buildConfigurationList = 79F71A661EBD3BB60067D98C /* Build configuration list for PBXProject "PetsInARow" */;
			compatibilityVersion = "Xcode 3.2";
			developmentRegion = English;
			hasScannedForEncodings = 0;
			knownRegions = (
				en,
				Base,
			);
			mainGroup = 79F71A621EBD3BB60067D98C;
			productRefGroup = 79F71A6C1EBD3BB60067D98C /* Products */;
			projectDirPath = "";
			projectRoot = "";
			targets = (
				79F71A6A1EBD3BB60067D98C /* PetsInARow */,
				79F71A801EBD3BB70067D98C /* PetsInARowTests */,
				79F71A8B1EBD3BB70067D98C /* PetsInARowUITests */,
			);
		};
/* End PBXProject section */

/* Begin PBXResourcesBuildPhase section */
		79F71A691EBD3BB60067D98C /* Resources */ = {
			isa = PBXResourcesBuildPhase;
			buildActionMask = 2147483647;
			files = (
				79312C101ED675EC0054490C /* cat@2x.png in Resources */,
				796C58C91EC6B2770034CF94 /* faq@3x.png in Resources */,
				79B8A0F01EC7B84C0005F98A /* settings@2x.png in Resources */,
				79312C0F1ED675EC0054490C /* cat.png in Resources */,
				79312C111ED675EC0054490C /* cat@3x.png in Resources */,
				796C58CF1EC6B2770034CF94 /* stats@3x.png in Resources */,
				796C58CC1EC6B2770034CF94 /* settings@3x.png in Resources */,
				7948C5951ED673690028C062 /* wrench@3x.png in Resources */,
				796C58CA1EC6B2770034CF94 /* settings.png in Resources */,
				79F71A7B1EBD3BB60067D98C /* LaunchScreen.storyboard in Resources */,
				79F71A781EBD3BB60067D98C /* Assets.xcassets in Resources */,
				7948C5941ED673690028C062 /* wrench@2x.png in Resources */,
				7948C5911ED673510028C062 /* wrench.png in Resources */,
				796C58C81EC6B2770034CF94 /* faq@2x.png in Resources */,
				796C58C71EC6B2770034CF94 /* faq.png in Resources */,
				796C58CE1EC6B2770034CF94 /* stats@2x.png in Resources */,
				79F71A761EBD3BB60067D98C /* Main.storyboard in Resources */,
				796C58CD1EC6B2770034CF94 /* stats.png in Resources */,
			);
			runOnlyForDeploymentPostprocessing = 0;
		};
		79F71A7F1EBD3BB70067D98C /* Resources */ = {
			isa = PBXResourcesBuildPhase;
			buildActionMask = 2147483647;
			files = (
			);
			runOnlyForDeploymentPostprocessing = 0;
		};
		79F71A8A1EBD3BB70067D98C /* Resources */ = {
			isa = PBXResourcesBuildPhase;
			buildActionMask = 2147483647;
			files = (
			);
			runOnlyForDeploymentPostprocessing = 0;
		};
/* End PBXResourcesBuildPhase section */

/* Begin PBXSourcesBuildPhase section */
		79F71A671EBD3BB60067D98C /* Sources */ = {
			isa = PBXSourcesBuildPhase;
			buildActionMask = 2147483647;
			files = (
				7964CA0A1ED7AE1600C8A92D /* SettingsModel.swift in Sources */,
				7964CA071ED7ADD300C8A92D /* GameTabBarController.swift in Sources */,
				79FD34901ECC07C4005DC940 /* EnumGameBoard.swift in Sources */,
				79B8A0F81EC7BC640005F98A /* Square.swift in Sources */,
				79F71A731EBD3BB60067D98C /* StatisticsViewController.swift in Sources */,
				79F71A6F1EBD3BB60067D98C /* AppDelegate.swift in Sources */,
				792F88521ED0112B006685CC /* EnumLevelOfDifficulty.swift in Sources */,
				79F71A9F1EBE7FEE0067D98C /* SupportViewController.swift in Sources */,
				79FD34931ECC0A65005DC940 /* EnumOpponent.swift in Sources */,
				79FD34961ECC0A6F005DC940 /* EnumFirstMove.swift in Sources */,
				79B8A0F21EC7BA950005F98A /* GameBoard.swift in Sources */,
				792F88541ED0FC45006685CC /* EnumPlayMode.swift in Sources */,
				79F71A711EBD3BB60067D98C /* SettingsViewController.swift in Sources */,
				79F71AA11EBE81030067D98C /* GameViewController.swift in Sources */,
				7964CA131ED887CD00C8A92D /* BoardUIView.swift in Sources */,
				7964CA101ED7E0FA00C8A92D /* StatisticsModel.swift in Sources */,
				79B8A0F51EC7BAE00005F98A /* TTGameBoard.swift in Sources */,
				796C58BD1EC524A20034CF94 /* EnumPet.swift in Sources */,
				7964CA0D1ED7E0D900C8A92D /* GameModel.swift in Sources */,
			);
			runOnlyForDeploymentPostprocessing = 0;
		};
		79F71A7D1EBD3BB70067D98C /* Sources */ = {
			isa = PBXSourcesBuildPhase;
			buildActionMask = 2147483647;
			files = (
				7964CA0B1ED7AE1600C8A92D /* SettingsModel.swift in Sources */,
				79FD34911ECC07C4005DC940 /* EnumGameBoard.swift in Sources */,
				79FD34941ECC0A65005DC940 /* EnumOpponent.swift in Sources */,
				79B8A0F91EC7BC640005F98A /* Square.swift in Sources */,
				79FD34971ECC0A6F005DC940 /* EnumFirstMove.swift in Sources */,
				7964CA141ED887CD00C8A92D /* BoardUIView.swift in Sources */,
				7964CA111ED7E0FA00C8A92D /* StatisticsModel.swift in Sources */,
				7964CA0E1ED7E0D900C8A92D /* GameModel.swift in Sources */,
				79B8A0F61EC7BAE00005F98A /* TTGameBoard.swift in Sources */,
				79B8A0F31EC7BA950005F98A /* GameBoard.swift in Sources */,
				79F71A861EBD3BB70067D98C /* PetsInARowTests.swift in Sources */,
				7964CA081ED7ADD300C8A92D /* GameTabBarController.swift in Sources */,
			);
			runOnlyForDeploymentPostprocessing = 0;
		};
		79F71A881EBD3BB70067D98C /* Sources */ = {
			isa = PBXSourcesBuildPhase;
			buildActionMask = 2147483647;
			files = (
				79F71A911EBD3BB70067D98C /* PetsInARowUITests.swift in Sources */,
			);
			runOnlyForDeploymentPostprocessing = 0;
		};
/* End PBXSourcesBuildPhase section */

/* Begin PBXTargetDependency section */
		79F71A831EBD3BB70067D98C /* PBXTargetDependency */ = {
			isa = PBXTargetDependency;
			target = 79F71A6A1EBD3BB60067D98C /* PetsInARow */;
			targetProxy = 79F71A821EBD3BB70067D98C /* PBXContainerItemProxy */;
		};
		79F71A8E1EBD3BB70067D98C /* PBXTargetDependency */ = {
			isa = PBXTargetDependency;
			target = 79F71A6A1EBD3BB60067D98C /* PetsInARow */;
			targetProxy = 79F71A8D1EBD3BB70067D98C /* PBXContainerItemProxy */;
		};
/* End PBXTargetDependency section */

/* Begin PBXVariantGroup section */
		79F71A741EBD3BB60067D98C /* Main.storyboard */ = {
			isa = PBXVariantGroup;
			children = (
				79F71A751EBD3BB60067D98C /* Base */,
			);
			name = Main.storyboard;
			sourceTree = "<group>";
		};
		79F71A791EBD3BB60067D98C /* LaunchScreen.storyboard */ = {
			isa = PBXVariantGroup;
			children = (
				79F71A7A1EBD3BB60067D98C /* Base */,
			);
			name = LaunchScreen.storyboard;
			sourceTree = "<group>";
		};
/* End PBXVariantGroup section */

/* Begin XCBuildConfiguration section */
		79F71A931EBD3BB70067D98C /* Debug */ = {
			isa = XCBuildConfiguration;
			buildSettings = {
				ALWAYS_SEARCH_USER_PATHS = NO;
				CLANG_ANALYZER_NONNULL = YES;
				CLANG_ANALYZER_NUMBER_OBJECT_CONVERSION = YES_AGGRESSIVE;
				CLANG_CXX_LANGUAGE_STANDARD = "gnu++0x";
				CLANG_CXX_LIBRARY = "libc++";
				CLANG_ENABLE_MODULES = YES;
				CLANG_ENABLE_OBJC_ARC = YES;
				CLANG_WARN_BOOL_CONVERSION = YES;
				CLANG_WARN_CONSTANT_CONVERSION = YES;
				CLANG_WARN_DIRECT_OBJC_ISA_USAGE = YES_ERROR;
				CLANG_WARN_DOCUMENTATION_COMMENTS = YES;
				CLANG_WARN_EMPTY_BODY = YES;
				CLANG_WARN_ENUM_CONVERSION = YES;
				CLANG_WARN_INFINITE_RECURSION = YES;
				CLANG_WARN_INT_CONVERSION = YES;
				CLANG_WARN_OBJC_ROOT_CLASS = YES_ERROR;
				CLANG_WARN_SUSPICIOUS_MOVE = YES;
				CLANG_WARN_UNREACHABLE_CODE = YES;
				CLANG_WARN__DUPLICATE_METHOD_MATCH = YES;
				"CODE_SIGN_IDENTITY[sdk=iphoneos*]" = "iPhone Developer";
				COPY_PHASE_STRIP = NO;
				DEBUG_INFORMATION_FORMAT = dwarf;
				ENABLE_STRICT_OBJC_MSGSEND = YES;
				ENABLE_TESTABILITY = YES;
				GCC_C_LANGUAGE_STANDARD = gnu99;
				GCC_DYNAMIC_NO_PIC = NO;
				GCC_NO_COMMON_BLOCKS = YES;
				GCC_OPTIMIZATION_LEVEL = 0;
				GCC_PREPROCESSOR_DEFINITIONS = (
					"DEBUG=1",
					"$(inherited)",
				);
				GCC_WARN_64_TO_32_BIT_CONVERSION = YES;
				GCC_WARN_ABOUT_RETURN_TYPE = YES_ERROR;
				GCC_WARN_UNDECLARED_SELECTOR = YES;
				GCC_WARN_UNINITIALIZED_AUTOS = YES_AGGRESSIVE;
				GCC_WARN_UNUSED_FUNCTION = YES;
				GCC_WARN_UNUSED_VARIABLE = YES;
				IPHONEOS_DEPLOYMENT_TARGET = 10.3;
				MTL_ENABLE_DEBUG_INFO = YES;
				ONLY_ACTIVE_ARCH = YES;
				SDKROOT = iphoneos;
				SWIFT_ACTIVE_COMPILATION_CONDITIONS = DEBUG;
				SWIFT_OPTIMIZATION_LEVEL = "-Onone";
			};
			name = Debug;
		};
		79F71A941EBD3BB70067D98C /* Release */ = {
			isa = XCBuildConfiguration;
			buildSettings = {
				ALWAYS_SEARCH_USER_PATHS = NO;
				CLANG_ANALYZER_NONNULL = YES;
				CLANG_ANALYZER_NUMBER_OBJECT_CONVERSION = YES_AGGRESSIVE;
				CLANG_CXX_LANGUAGE_STANDARD = "gnu++0x";
				CLANG_CXX_LIBRARY = "libc++";
				CLANG_ENABLE_MODULES = YES;
				CLANG_ENABLE_OBJC_ARC = YES;
				CLANG_WARN_BOOL_CONVERSION = YES;
				CLANG_WARN_CONSTANT_CONVERSION = YES;
				CLANG_WARN_DIRECT_OBJC_ISA_USAGE = YES_ERROR;
				CLANG_WARN_DOCUMENTATION_COMMENTS = YES;
				CLANG_WARN_EMPTY_BODY = YES;
				CLANG_WARN_ENUM_CONVERSION = YES;
				CLANG_WARN_INFINITE_RECURSION = YES;
				CLANG_WARN_INT_CONVERSION = YES;
				CLANG_WARN_OBJC_ROOT_CLASS = YES_ERROR;
				CLANG_WARN_SUSPICIOUS_MOVE = YES;
				CLANG_WARN_UNREACHABLE_CODE = YES;
				CLANG_WARN__DUPLICATE_METHOD_MATCH = YES;
				"CODE_SIGN_IDENTITY[sdk=iphoneos*]" = "iPhone Developer";
				COPY_PHASE_STRIP = NO;
				DEBUG_INFORMATION_FORMAT = "dwarf-with-dsym";
				ENABLE_NS_ASSERTIONS = NO;
				ENABLE_STRICT_OBJC_MSGSEND = YES;
				GCC_C_LANGUAGE_STANDARD = gnu99;
				GCC_NO_COMMON_BLOCKS = YES;
				GCC_WARN_64_TO_32_BIT_CONVERSION = YES;
				GCC_WARN_ABOUT_RETURN_TYPE = YES_ERROR;
				GCC_WARN_UNDECLARED_SELECTOR = YES;
				GCC_WARN_UNINITIALIZED_AUTOS = YES_AGGRESSIVE;
				GCC_WARN_UNUSED_FUNCTION = YES;
				GCC_WARN_UNUSED_VARIABLE = YES;
				IPHONEOS_DEPLOYMENT_TARGET = 10.3;
				MTL_ENABLE_DEBUG_INFO = NO;
				SDKROOT = iphoneos;
				SWIFT_OPTIMIZATION_LEVEL = "-Owholemodule";
				VALIDATE_PRODUCT = YES;
			};
			name = Release;
		};
		79F71A961EBD3BB70067D98C /* Debug */ = {
			isa = XCBuildConfiguration;
			buildSettings = {
				ASSETCATALOG_COMPILER_APPICON_NAME = AppIcon;
				INFOPLIST_FILE = PetsInARow/Info.plist;
				LD_RUNPATH_SEARCH_PATHS = "$(inherited) @executable_path/Frameworks";
				PRODUCT_BUNDLE_IDENTIFIER = com.pellago.PetsInARow;
				PRODUCT_NAME = "$(TARGET_NAME)";
				SWIFT_VERSION = 3.0;
			};
			name = Debug;
		};
		79F71A971EBD3BB70067D98C /* Release */ = {
			isa = XCBuildConfiguration;
			buildSettings = {
				ASSETCATALOG_COMPILER_APPICON_NAME = AppIcon;
				INFOPLIST_FILE = PetsInARow/Info.plist;
				LD_RUNPATH_SEARCH_PATHS = "$(inherited) @executable_path/Frameworks";
				PRODUCT_BUNDLE_IDENTIFIER = com.pellago.PetsInARow;
				PRODUCT_NAME = "$(TARGET_NAME)";
				SWIFT_VERSION = 3.0;
			};
			name = Release;
		};
		79F71A991EBD3BB70067D98C /* Debug */ = {
			isa = XCBuildConfiguration;
			buildSettings = {
				ALWAYS_EMBED_SWIFT_STANDARD_LIBRARIES = YES;
				BUNDLE_LOADER = "$(TEST_HOST)";
				INFOPLIST_FILE = PetsInARowTests/Info.plist;
				LD_RUNPATH_SEARCH_PATHS = "$(inherited) @executable_path/Frameworks @loader_path/Frameworks";
				PRODUCT_BUNDLE_IDENTIFIER = com.pellago.PetsInARowTests;
				PRODUCT_NAME = "$(TARGET_NAME)";
				SWIFT_VERSION = 3.0;
				TEST_HOST = "$(BUILT_PRODUCTS_DIR)/PetsInARow.app/PetsInARow";
			};
			name = Debug;
		};
		79F71A9A1EBD3BB70067D98C /* Release */ = {
			isa = XCBuildConfiguration;
			buildSettings = {
				ALWAYS_EMBED_SWIFT_STANDARD_LIBRARIES = YES;
				BUNDLE_LOADER = "$(TEST_HOST)";
				INFOPLIST_FILE = PetsInARowTests/Info.plist;
				LD_RUNPATH_SEARCH_PATHS = "$(inherited) @executable_path/Frameworks @loader_path/Frameworks";
				PRODUCT_BUNDLE_IDENTIFIER = com.pellago.PetsInARowTests;
				PRODUCT_NAME = "$(TARGET_NAME)";
				SWIFT_VERSION = 3.0;
				TEST_HOST = "$(BUILT_PRODUCTS_DIR)/PetsInARow.app/PetsInARow";
			};
			name = Release;
		};
		79F71A9C1EBD3BB70067D98C /* Debug */ = {
			isa = XCBuildConfiguration;
			buildSettings = {
				ALWAYS_EMBED_SWIFT_STANDARD_LIBRARIES = YES;
				INFOPLIST_FILE = PetsInARowUITests/Info.plist;
				LD_RUNPATH_SEARCH_PATHS = "$(inherited) @executable_path/Frameworks @loader_path/Frameworks";
				PRODUCT_BUNDLE_IDENTIFIER = com.pellago.PetsInARowUITests;
				PRODUCT_NAME = "$(TARGET_NAME)";
				SWIFT_VERSION = 3.0;
				TEST_TARGET_NAME = PetsInARow;
			};
			name = Debug;
		};
		79F71A9D1EBD3BB70067D98C /* Release */ = {
			isa = XCBuildConfiguration;
			buildSettings = {
				ALWAYS_EMBED_SWIFT_STANDARD_LIBRARIES = YES;
				INFOPLIST_FILE = PetsInARowUITests/Info.plist;
				LD_RUNPATH_SEARCH_PATHS = "$(inherited) @executable_path/Frameworks @loader_path/Frameworks";
				PRODUCT_BUNDLE_IDENTIFIER = com.pellago.PetsInARowUITests;
				PRODUCT_NAME = "$(TARGET_NAME)";
				SWIFT_VERSION = 3.0;
				TEST_TARGET_NAME = PetsInARow;
			};
			name = Release;
		};
/* End XCBuildConfiguration section */

/* Begin XCConfigurationList section */
		79F71A661EBD3BB60067D98C /* Build configuration list for PBXProject "PetsInARow" */ = {
			isa = XCConfigurationList;
			buildConfigurations = (
				79F71A931EBD3BB70067D98C /* Debug */,
				79F71A941EBD3BB70067D98C /* Release */,
			);
			defaultConfigurationIsVisible = 0;
			defaultConfigurationName = Release;
		};
		79F71A951EBD3BB70067D98C /* Build configuration list for PBXNativeTarget "PetsInARow" */ = {
			isa = XCConfigurationList;
			buildConfigurations = (
				79F71A961EBD3BB70067D98C /* Debug */,
				79F71A971EBD3BB70067D98C /* Release */,
			);
			defaultConfigurationIsVisible = 0;
			defaultConfigurationName = Release;
		};
		79F71A981EBD3BB70067D98C /* Build configuration list for PBXNativeTarget "PetsInARowTests" */ = {
			isa = XCConfigurationList;
			buildConfigurations = (
				79F71A991EBD3BB70067D98C /* Debug */,
				79F71A9A1EBD3BB70067D98C /* Release */,
			);
			defaultConfigurationIsVisible = 0;
			defaultConfigurationName = Release;
		};
		79F71A9B1EBD3BB70067D98C /* Build configuration list for PBXNativeTarget "PetsInARowUITests" */ = {
			isa = XCConfigurationList;
			buildConfigurations = (
				79F71A9C1EBD3BB70067D98C /* Debug */,
				79F71A9D1EBD3BB70067D98C /* Release */,
			);
			defaultConfigurationIsVisible = 0;
			defaultConfigurationName = Release;
		};
/* End XCConfigurationList section */
	};
	rootObject = 79F71A631EBD3BB60067D98C /* Project object */;
}
